
Microsoft Visual Studio Solution File, Format Version 12.00
# Visual Studio Version 16
VisualStudioVersion = 16.0.31410.357
MinimumVisualStudioVersion = 10.0.40219.1
Project("{FAE04EC0-301F-11D3-BF4B-00C04F79EFBC}") = "Laboratorio2", "Laboratorio2\Laboratorio2.csproj", "{CF6800FF-E0B5-499F-89CF-33BC913AB23D}"
EndProject
Global
	GlobalSection(SolutionConfigurationPlatforms) = preSolution
		Debug|Any CPU = Debug|Any CPU
		Release|Any CPU = Release|Any CPU
	EndGlobalSection
	GlobalSection(ProjectConfigurationPlatforms) = postSolution
		{CF6800FF-E0B5-499F-89CF-33BC913AB23D}.Debug|Any CPU.ActiveCfg = Debug|Any CPU
		{CF6800FF-E0B5-499F-89CF-33BC913AB23D}.Debug|Any CPU.Build.0 = Debug|Any CPU
		{CF6800FF-E0B5-499F-89CF-33BC913AB23D}.Release|Any CPU.ActiveCfg = Release|Any CPU
		{CF6800FF-E0B5-499F-89CF-33BC913AB23D}.Release|Any CPU.Build.0 = Release|Any CPU
	EndGlobalSection
	GlobalSection(SolutionProperties) = preSolution
		HideSolutionNode = FALSE
	EndGlobalSection
	GlobalSection(ExtensibilityGlobals) = postSolution
		SolutionGuid = {D9A44BCF-C21D-45D3-997D-5DFC3280E08F}
	EndGlobalSection
EndGlobal
